PODS:
  - Flutter (1.0.0)
  - flutter_control_parental (0.1.0):
    - Flutter

DEPENDENCIES:
  - Flutter (from `Flutter`)
  - flutter_control_parental (from `.symlinks/plugins/flutter_control_parental/ios`)

EXTERNAL SOURCES:
  Flutter:
    :path: Flutter
  flutter_control_parental:
    :path: ".symlinks/plugins/flutter_control_parental/ios"

SPEC CHECKSUMS:
  Flutter: cabc95a1d2626b1b06e7179b784ebcf0c0cde467
  flutter_control_parental: 46562007a6ac11ab3aeb538e223aa2e6c7731396

PODFILE CHECKSUM: 2e77664d62af0bc020f3cd26a857615f380ddd25

COCOAPODS: 1.16.2
